
Microsoft Visual Studio Solution File, Format Version 12.00
# Visual Studio Version 17
VisualStudioVersion = 17.11.35303.130
MinimumVisualStudioVersion = 10.0.40219.1
Project("{FAE04EC0-301F-11D3-BF4B-00C04F79EFBC}") = "Datos", "Datos\Datos.csproj", "{CBD5F737-C356-487E-B26D-21FD51CAFCFF}"
EndProject
Project("{FAE04EC0-301F-11D3-BF4B-00C04F79EFBC}") = "Modelos", "Modelos\Modelos.csproj", "{70039A54-66AB-49F3-9424-C2A0271B1A44}"
EndProject
Project("{FAE04EC0-301F-11D3-BF4B-00C04F79EFBC}") = "BLL", "BLL\BLL.csproj", "{3A100B63-7966-403C-A97A-BD2A7E4BEAE8}"
EndProject
Project("{FAE04EC0-301F-11D3-BF4B-00C04F79EFBC}") = "Utilidades", "Utilidades\Utilidades.csproj", "{4991E4B2-5877-42B3-AA34-340C86BED317}"
EndProject
Project("{FAE04EC0-301F-11D3-BF4B-00C04F79EFBC}") = "Api", "Api\Api.csproj", "{B31575E9-0BA6-4952-BF21-50843DD5D4E1}"
EndProject
Global
	GlobalSection(SolutionConfigurationPlatforms) = preSolution
		Debug|Any CPU = Debug|Any CPU
		Release|Any CPU = Release|Any CPU
	EndGlobalSection
	GlobalSection(ProjectConfigurationPlatforms) = postSolution
		{CBD5F737-C356-487E-B26D-21FD51CAFCFF}.Debug|Any CPU.ActiveCfg = Debug|Any CPU
		{CBD5F737-C356-487E-B26D-21FD51CAFCFF}.Debug|Any CPU.Build.0 = Debug|Any CPU
		{CBD5F737-C356-487E-B26D-21FD51CAFCFF}.Release|Any CPU.ActiveCfg = Release|Any CPU
		{CBD5F737-C356-487E-B26D-21FD51CAFCFF}.Release|Any CPU.Build.0 = Release|Any CPU
		{70039A54-66AB-49F3-9424-C2A0271B1A44}.Debug|Any CPU.ActiveCfg = Debug|Any CPU
		{70039A54-66AB-49F3-9424-C2A0271B1A44}.Debug|Any CPU.Build.0 = Debug|Any CPU
		{70039A54-66AB-49F3-9424-C2A0271B1A44}.Release|Any CPU.ActiveCfg = Release|Any CPU
		{70039A54-66AB-49F3-9424-C2A0271B1A44}.Release|Any CPU.Build.0 = Release|Any CPU
		{3A100B63-7966-403C-A97A-BD2A7E4BEAE8}.Debug|Any CPU.ActiveCfg = Debug|Any CPU
		{3A100B63-7966-403C-A97A-BD2A7E4BEAE8}.Debug|Any CPU.Build.0 = Debug|Any CPU
		{3A100B63-7966-403C-A97A-BD2A7E4BEAE8}.Release|Any CPU.ActiveCfg = Release|Any CPU
		{3A100B63-7966-403C-A97A-BD2A7E4BEAE8}.Release|Any CPU.Build.0 = Release|Any CPU
		{4991E4B2-5877-42B3-AA34-340C86BED317}.Debug|Any CPU.ActiveCfg = Debug|Any CPU
		{4991E4B2-5877-42B3-AA34-340C86BED317}.Debug|Any CPU.Build.0 = Debug|Any CPU
		{4991E4B2-5877-42B3-AA34-340C86BED317}.Release|Any CPU.ActiveCfg = Release|Any CPU
		{4991E4B2-5877-42B3-AA34-340C86BED317}.Release|Any CPU.Build.0 = Release|Any CPU
		{B31575E9-0BA6-4952-BF21-50843DD5D4E1}.Debug|Any CPU.ActiveCfg = Debug|Any CPU
		{B31575E9-0BA6-4952-BF21-50843DD5D4E1}.Debug|Any CPU.Build.0 = Debug|Any CPU
		{B31575E9-0BA6-4952-BF21-50843DD5D4E1}.Release|Any CPU.ActiveCfg = Release|Any CPU
		{B31575E9-0BA6-4952-BF21-50843DD5D4E1}.Release|Any CPU.Build.0 = Release|Any CPU
	EndGlobalSection
	GlobalSection(SolutionProperties) = preSolution
		HideSolutionNode = FALSE
	EndGlobalSection
	GlobalSection(ExtensibilityGlobals) = postSolution
		SolutionGuid = {6EF74CEA-C53F-4429-98B8-4B1CAB825A85}
	EndGlobalSection
EndGlobal
